
Microsoft Visual Studio Solution File, Format Version 12.00
# Visual Studio Version 16
VisualStudioVersion = 16.0.29001.49
MinimumVisualStudioVersion = 10.0.40219.1
Project("{FAE04EC0-301F-11D3-BF4B-00C04F79EFBC}") = "DetectNonUtf8", "DetectNonUtf8\DetectNonUtf8.csproj", "{BCFA7979-5CF7-4963-87E2-C8193BEC630B}"
EndProject
Global
	GlobalSection(SolutionConfigurationPlatforms) = preSolution
		Debug|Any CPU = Debug|Any CPU
		Release|Any CPU = Release|Any CPU
	EndGlobalSection
	GlobalSection(ProjectConfigurationPlatforms) = postSolution
		{BCFA7979-5CF7-4963-87E2-C8193BEC630B}.Debug|Any CPU.ActiveCfg = Debug|Any CPU
		{BCFA7979-5CF7-4963-87E2-C8193BEC630B}.Debug|Any CPU.Build.0 = Debug|Any CPU
		{BCFA7979-5CF7-4963-87E2-C8193BEC630B}.Release|Any CPU.ActiveCfg = Release|Any CPU
		{BCFA7979-5CF7-4963-87E2-C8193BEC630B}.Release|Any CPU.Build.0 = Release|Any CPU
	EndGlobalSection
	GlobalSection(SolutionProperties) = preSolution
		HideSolutionNode = FALSE
	EndGlobalSection
	GlobalSection(ExtensibilityGlobals) = postSolution
		SolutionGuid = {F92453BD-CE88-47B4-BD6F-6D32005FA376}
	EndGlobalSection
EndGlobal
